
Microsoft Visual Studio Solution File, Format Version 12.00
# Visual Studio Version 17
VisualStudioVersion = 17.5.002.0
MinimumVisualStudioVersion = 10.0.40219.1
Project("{9A19103F-16F7-4668-BE54-9A1E7A4F7556}") = "FinalTaskEPAM", "FinalTaskEPAM.csproj", "{CFDDC3EF-5F1B-4D33-8FBC-9DCFDBF9F6B1}"
EndProject
Global
	GlobalSection(SolutionConfigurationPlatforms) = preSolution
		Debug|Any CPU = Debug|Any CPU
		Release|Any CPU = Release|Any CPU
	EndGlobalSection
	GlobalSection(ProjectConfigurationPlatforms) = postSolution
		{CFDDC3EF-5F1B-4D33-8FBC-9DCFDBF9F6B1}.Debug|Any CPU.ActiveCfg = Debug|Any CPU
		{CFDDC3EF-5F1B-4D33-8FBC-9DCFDBF9F6B1}.Debug|Any CPU.Build.0 = Debug|Any CPU
		{CFDDC3EF-5F1B-4D33-8FBC-9DCFDBF9F6B1}.Release|Any CPU.ActiveCfg = Release|Any CPU
		{CFDDC3EF-5F1B-4D33-8FBC-9DCFDBF9F6B1}.Release|Any CPU.Build.0 = Release|Any CPU
	EndGlobalSection
	GlobalSection(SolutionProperties) = preSolution
		HideSolutionNode = FALSE
	EndGlobalSection
	GlobalSection(ExtensibilityGlobals) = postSolution
		SolutionGuid = {91FE31FA-D6E4-4DB2-8ED1-86894FC41467}
	EndGlobalSection
EndGlobal
